// !$*UTF8*$!
{
	archiveVersion = 1;
	classes = {
	};
	objectVersion = 46;
	objects = {

/* Begin PBXBuildFile section */
		9FE9C4061A9A25CF00B33538 /* main.m in Sources */ = {isa = PBXBuildFile; fileRef = 9FE9C4051A9A25CF00B33538 /* main.m */; };
		9FE9C4091A9A25CF00B33538 /* AppDelegate.m in Sources */ = {isa = PBXBuildFile; fileRef = 9FE9C4081A9A25CF00B33538 /* AppDelegate.m */; };
		9FE9C40C1A9A25CF00B33538 /* ViewController.m in Sources */ = {isa = PBXBuildFile; fileRef = 9FE9C40B1A9A25CF00B33538 /* ViewController.m */; };
		9FE9C40F1A9A25CF00B33538 /* Main.storyboard in Resources */ = {isa = PBXBuildFile; fileRef = 9FE9C40D1A9A25CF00B33538 /* Main.storyboard */; };
		9FE9C4111A9A25CF00B33538 /* Images.xcassets in Resources */ = {isa = PBXBuildFile; fileRef = 9FE9C4101A9A25CF00B33538 /* Images.xcassets */; };
		9FE9C4141A9A25CF00B33538 /* LaunchScreen.xib in Resources */ = {isa = PBXBuildFile; fileRef = 9FE9C4121A9A25CF00B33538 /* LaunchScreen.xib */; };
		9FE9C4201A9A25CF00B33538 /* curateTests.m in Sources */ = {isa = PBXBuildFile; fileRef = 9FE9C41F1A9A25CF00B33538 /* curateTests.m */; };
		AD4B0CDF1A9A378800CADBDC /* logo.png in Resources */ = {isa = PBXBuildFile; fileRef = AD4B0CDE1A9A378800CADBDC /* logo.png */; };
		AD4B0CE31A9A3CB400CADBDC /* RootViewController.m in Sources */ = {isa = PBXBuildFile; fileRef = AD4B0CE11A9A3CB400CADBDC /* RootViewController.m */; };
		AD4B0CE41A9A3CB400CADBDC /* RootViewController.xib in Resources */ = {isa = PBXBuildFile; fileRef = AD4B0CE21A9A3CB400CADBDC /* RootViewController.xib */; };
		AD4B0CEC1A9A46A300CADBDC /* CJSONDeserializer.m in Sources */ = {isa = PBXBuildFile; fileRef = AD4B0CE61A9A46A300CADBDC /* CJSONDeserializer.m */; };
		AD4B0CED1A9A46A300CADBDC /* CJSONSerializer.m in Sources */ = {isa = PBXBuildFile; fileRef = AD4B0CE81A9A46A300CADBDC /* CJSONSerializer.m */; };
		AD4B0CEE1A9A46A300CADBDC /* NSDictionary_JSONExtensions.m in Sources */ = {isa = PBXBuildFile; fileRef = AD4B0CEB1A9A46A300CADBDC /* NSDictionary_JSONExtensions.m */; };
/* End PBXBuildFile section */

/* Begin PBXContainerItemProxy section */
		9FE9C41A1A9A25CF00B33538 /* PBXContainerItemProxy */ = {
			isa = PBXContainerItemProxy;
			containerPortal = 9FE9C3F81A9A25CF00B33538 /* Project object */;
			proxyType = 1;
			remoteGlobalIDString = 9FE9C3FF1A9A25CF00B33538;
			remoteInfo = curate;
		};
/* End PBXContainerItemProxy section */

/* Begin PBXFileReference section */
		9FE9C4001A9A25CF00B33538 /* curate.app */ = {isa = PBXFileReference; explicitFileType = wrapper.application; includeInIndex = 0; path = curate.app; sourceTree = BUILT_PRODUCTS_DIR; };
		9FE9C4041A9A25CF00B33538 /* Info.plist */ = {isa = PBXFileReference; lastKnownFileType = text.plist.xml; path = Info.plist; sourceTree = "<group>"; };
		9FE9C4051A9A25CF00B33538 /* main.m */ = {isa = PBXFileReference; lastKnownFileType = sourcecode.c.objc; path = main.m; sourceTree = "<group>"; };
		9FE9C4071A9A25CF00B33538 /* AppDelegate.h */ = {isa = PBXFileReference; lastKnownFileType = sourcecode.c.h; path = AppDelegate.h; sourceTree = "<group>"; };
		9FE9C4081A9A25CF00B33538 /* AppDelegate.m */ = {isa = PBXFileReference; lastKnownFileType = sourcecode.c.objc; path = AppDelegate.m; sourceTree = "<group>"; };
		9FE9C40A1A9A25CF00B33538 /* ViewController.h */ = {isa = PBXFileReference; lastKnownFileType = sourcecode.c.h; path = ViewController.h; sourceTree = "<group>"; };
		9FE9C40B1A9A25CF00B33538 /* ViewController.m */ = {isa = PBXFileReference; lastKnownFileType = sourcecode.c.objc; path = ViewController.m; sourceTree = "<group>"; };
		9FE9C40E1A9A25CF00B33538 /* Base */ = {isa = PBXFileReference; lastKnownFileType = file.storyboard; name = Base; path = Base.lproj/Main.storyboard; sourceTree = "<group>"; };
		9FE9C4101A9A25CF00B33538 /* Images.xcassets */ = {isa = PBXFileReference; lastKnownFileType = folder.assetcatalog; path = Images.xcassets; sourceTree = "<group>"; };
		9FE9C4131A9A25CF00B33538 /* Base */ = {isa = PBXFileReference; lastKnownFileType = file.xib; name = Base; path = Base.lproj/LaunchScreen.xib; sourceTree = "<group>"; };
		9FE9C4191A9A25CF00B33538 /* curateTests.xctest */ = {isa = PBXFileReference; explicitFileType = wrapper.cfbundle; includeInIndex = 0; path = curateTests.xctest; sourceTree = BUILT_PRODUCTS_DIR; };
		9FE9C41E1A9A25CF00B33538 /* Info.plist */ = {isa = PBXFileReference; lastKnownFileType = text.plist.xml; path = Info.plist; sourceTree = "<group>"; };
		9FE9C41F1A9A25CF00B33538 /* curateTests.m */ = {isa = PBXFileReference; lastKnownFileType = sourcecode.c.objc; path = curateTests.m; sourceTree = "<group>"; };
		AD4B0CDE1A9A378800CADBDC /* logo.png */ = {isa = PBXFileReference; lastKnownFileType = image.png; path = logo.png; sourceTree = "<group>"; };
		AD4B0CE01A9A3CB400CADBDC /* RootViewController.h */ = {isa = PBXFileReference; fileEncoding = 4; lastKnownFileType = sourcecode.c.h; path = RootViewController.h; sourceTree = "<group>"; };
		AD4B0CE11A9A3CB400CADBDC /* RootViewController.m */ = {isa = PBXFileReference; fileEncoding = 4; lastKnownFileType = sourcecode.c.objc; path = RootViewController.m; sourceTree = "<group>"; };
		AD4B0CE21A9A3CB400CADBDC /* RootViewController.xib */ = {isa = PBXFileReference; fileEncoding = 4; lastKnownFileType = file.xib; path = RootViewController.xib; sourceTree = "<group>"; };
		AD4B0CE51A9A46A300CADBDC /* CJSONDeserializer.h */ = {isa = PBXFileReference; fileEncoding = 4; lastKnownFileType = sourcecode.c.h; path = CJSONDeserializer.h; sourceTree = "<group>"; };
		AD4B0CE61A9A46A300CADBDC /* CJSONDeserializer.m */ = {isa = PBXFileReference; fileEncoding = 4; lastKnownFileType = sourcecode.c.objc; path = CJSONDeserializer.m; sourceTree = "<group>"; };
		AD4B0CE71A9A46A300CADBDC /* CJSONSerializer.h */ = {isa = PBXFileReference; fileEncoding = 4; lastKnownFileType = sourcecode.c.h; path = CJSONSerializer.h; sourceTree = "<group>"; };
		AD4B0CE81A9A46A300CADBDC /* CJSONSerializer.m */ = {isa = PBXFileReference; fileEncoding = 4; lastKnownFileType = sourcecode.c.objc; path = CJSONSerializer.m; sourceTree = "<group>"; };
		AD4B0CE91A9A46A300CADBDC /* JSONRepresentation.h */ = {isa = PBXFileReference; fileEncoding = 4; lastKnownFileType = sourcecode.c.h; path = JSONRepresentation.h; sourceTree = "<group>"; };
		AD4B0CEA1A9A46A300CADBDC /* NSDictionary_JSONExtensions.h */ = {isa = PBXFileReference; fileEncoding = 4; lastKnownFileType = sourcecode.c.h; path = NSDictionary_JSONExtensions.h; sourceTree = "<group>"; };
		AD4B0CEB1A9A46A300CADBDC /* NSDictionary_JSONExtensions.m */ = {isa = PBXFileReference; fileEncoding = 4; lastKnownFileType = sourcecode.c.objc; path = NSDictionary_JSONExtensions.m; sourceTree = "<group>"; };
/* End PBXFileReference section */

/* Begin PBXFrameworksBuildPhase section */
		9FE9C3FD1A9A25CF00B33538 /* Frameworks */ = {
			isa = PBXFrameworksBuildPhase;
			buildActionMask = 2147483647;
			files = (
			);
			runOnlyForDeploymentPostprocessing = 0;
		};
		9FE9C4161A9A25CF00B33538 /* Frameworks */ = {
			isa = PBXFrameworksBuildPhase;
			buildActionMask = 2147483647;
			files = (
			);
			runOnlyForDeploymentPostprocessing = 0;
		};
/* End PBXFrameworksBuildPhase section */

/* Begin PBXGroup section */
		9FE9C3F71A9A25CF00B33538 = {
			isa = PBXGroup;
			children = (
				9FE9C4021A9A25CF00B33538 /* curate */,
				9FE9C41C1A9A25CF00B33538 /* curateTests */,
				9FE9C4011A9A25CF00B33538 /* Products */,
			);
			sourceTree = "<group>";
		};
		9FE9C4011A9A25CF00B33538 /* Products */ = {
			isa = PBXGroup;
			children = (
				9FE9C4001A9A25CF00B33538 /* curate.app */,
				9FE9C4191A9A25CF00B33538 /* curateTests.xctest */,
			);
			name = Products;
			sourceTree = "<group>";
		};
		9FE9C4021A9A25CF00B33538 /* curate */ = {
			isa = PBXGroup;
			children = (
				AD4B0CE51A9A46A300CADBDC /* CJSONDeserializer.h */,
				AD4B0CE61A9A46A300CADBDC /* CJSONDeserializer.m */,
				AD4B0CE71A9A46A300CADBDC /* CJSONSerializer.h */,
				AD4B0CE81A9A46A300CADBDC /* CJSONSerializer.m */,
				AD4B0CE91A9A46A300CADBDC /* JSONRepresentation.h */,
				AD4B0CEA1A9A46A300CADBDC /* NSDictionary_JSONExtensions.h */,
				AD4B0CEB1A9A46A300CADBDC /* NSDictionary_JSONExtensions.m */,
				9FE9C4071A9A25CF00B33538 /* AppDelegate.h */,
				9FE9C4081A9A25CF00B33538 /* AppDelegate.m */,
				9FE9C40A1A9A25CF00B33538 /* ViewController.h */,
				9FE9C40B1A9A25CF00B33538 /* ViewController.m */,
				9FE9C40D1A9A25CF00B33538 /* Main.storyboard */,
				AD4B0CE01A9A3CB400CADBDC /* RootViewController.h */,
				AD4B0CE11A9A3CB400CADBDC /* RootViewController.m */,
				AD4B0CE21A9A3CB400CADBDC /* RootViewController.xib */,
				9FE9C4101A9A25CF00B33538 /* Images.xcassets */,
				9FE9C4431A9A384200B33538 /* CJSONDeserializer.h */,
				9FE9C4441A9A384200B33538 /* CJSONDeserializer.m */,
				9FE9C4451A9A384200B33538 /* CJSONSerializer.h */,
				9FE9C4461A9A384200B33538 /* CJSONSerializer.m */,
				9FE9C4471A9A384200B33538 /* JSONRepresentation.h */,
				9FE9C4481A9A384200B33538 /* NSDictionary_JSONExtensions.h */,
				9FE9C4491A9A384200B33538 /* NSDictionary_JSONExtensions.m */,
				9FE9C4121A9A25CF00B33538 /* LaunchScreen.xib */,
				9FE9C4031A9A25CF00B33538 /* Supporting Files */,
			);
			path = curate;
			sourceTree = "<group>";
		};
		9FE9C4031A9A25CF00B33538 /* Supporting Files */ = {
			isa = PBXGroup;
			children = (
				9FE9C4041A9A25CF00B33538 /* Info.plist */,
				9FE9C4051A9A25CF00B33538 /* main.m */,
			);
			name = "Supporting Files";
			sourceTree = "<group>";
		};
		9FE9C41C1A9A25CF00B33538 /* curateTests */ = {
			isa = PBXGroup;
			children = (
				9FE9C41F1A9A25CF00B33538 /* curateTests.m */,
				9FE9C41D1A9A25CF00B33538 /* Supporting Files */,
			);
			path = curateTests;
			sourceTree = "<group>";
		};
		9FE9C41D1A9A25CF00B33538 /* Supporting Files */ = {
			isa = PBXGroup;
			children = (
				9FE9C41E1A9A25CF00B33538 /* Info.plist */,
			);
			name = "Supporting Files";
			sourceTree = "<group>";
		};
		9FE9C44D1A9A384A00B33538 /* CJSON */ = {
			isa = PBXGroup;
			children = (
			);
			name = CJSON;
			sourceTree = "<group>";
		};
/* End PBXGroup section */

/* Begin PBXNativeTarget section */
		9FE9C3FF1A9A25CF00B33538 /* curate */ = {
			isa = PBXNativeTarget;
			buildConfigurationList = 9FE9C4231A9A25CF00B33538 /* Build configuration list for PBXNativeTarget "curate" */;
			buildPhases = (
				9FE9C3FC1A9A25CF00B33538 /* Sources */,
				9FE9C3FD1A9A25CF00B33538 /* Frameworks */,
				9FE9C3FE1A9A25CF00B33538 /* Resources */,
			);
			buildRules = (
			);
			dependencies = (
			);
			name = curate;
			productName = curate;
			productReference = 9FE9C4001A9A25CF00B33538 /* curate.app */;
			productType = "com.apple.product-type.application";
		};
		9FE9C4181A9A25CF00B33538 /* curateTests */ = {
			isa = PBXNativeTarget;
			buildConfigurationList = 9FE9C4261A9A25CF00B33538 /* Build configuration list for PBXNativeTarget "curateTests" */;
			buildPhases = (
				9FE9C4151A9A25CF00B33538 /* Sources */,
				9FE9C4161A9A25CF00B33538 /* Frameworks */,
				9FE9C4171A9A25CF00B33538 /* Resources */,
			);
			buildRules = (
			);
			dependencies = (
				9FE9C41B1A9A25CF00B33538 /* PBXTargetDependency */,
			);
			name = curateTests;
			productName = curateTests;
			productReference = 9FE9C4191A9A25CF00B33538 /* curateTests.xctest */;
			productType = "com.apple.product-type.bundle.unit-test";
		};
/* End PBXNativeTarget section */

/* Begin PBXProject section */
		9FE9C3F81A9A25CF00B33538 /* Project object */ = {
			isa = PBXProject;
			attributes = {
				LastUpgradeCheck = 0610;
				ORGANIZATIONNAME = "Curaté";
				TargetAttributes = {
					9FE9C3FF1A9A25CF00B33538 = {
						CreatedOnToolsVersion = 6.1.1;
						DevelopmentTeam = 96NZH6CN6Q;
					};
					9FE9C4181A9A25CF00B33538 = {
						CreatedOnToolsVersion = 6.1.1;
						TestTargetID = 9FE9C3FF1A9A25CF00B33538;
					};
				};
			};
			buildConfigurationList = 9FE9C3FB1A9A25CF00B33538 /* Build configuration list for PBXProject "curate" */;
			compatibilityVersion = "Xcode 3.2";
			developmentRegion = English;
			hasScannedForEncodings = 0;
			knownRegions = (
				en,
				Base,
			);
			mainGroup = 9FE9C3F71A9A25CF00B33538;
			productRefGroup = 9FE9C4011A9A25CF00B33538 /* Products */;
			projectDirPath = "";
			projectRoot = "";
			targets = (
				9FE9C3FF1A9A25CF00B33538 /* curate */,
				9FE9C4181A9A25CF00B33538 /* curateTests */,
			);
		};
/* End PBXProject section */

/* Begin PBXResourcesBuildPhase section */
		9FE9C3FE1A9A25CF00B33538 /* Resources */ = {
			isa = PBXResourcesBuildPhase;
			buildActionMask = 2147483647;
			files = (
				9FE9C40F1A9A25CF00B33538 /* Main.storyboard in Resources */,
				AD4B0CE41A9A3CB400CADBDC /* RootViewController.xib in Resources */,
				9FE9C4141A9A25CF00B33538 /* LaunchScreen.xib in Resources */,
				9FE9C4111A9A25CF00B33538 /* Images.xcassets in Resources */,
			);
			runOnlyForDeploymentPostprocessing = 0;
		};
		9FE9C4171A9A25CF00B33538 /* Resources */ = {
			isa = PBXResourcesBuildPhase;
			buildActionMask = 2147483647;
			files = (
			);
			runOnlyForDeploymentPostprocessing = 0;
		};
/* End PBXResourcesBuildPhase section */

/* Begin PBXSourcesBuildPhase section */
		9FE9C3FC1A9A25CF00B33538 /* Sources */ = {
			isa = PBXSourcesBuildPhase;
			buildActionMask = 2147483647;
			files = (
				9FE9C40C1A9A25CF00B33538 /* ViewController.m in Sources */,
				9FE9C4091A9A25CF00B33538 /* AppDelegate.m in Sources */,
				AD4B0CE31A9A3CB400CADBDC /* RootViewController.m in Sources */,
				AD4B0CED1A9A46A300CADBDC /* CJSONSerializer.m in Sources */,
				9FE9C4061A9A25CF00B33538 /* main.m in Sources */,
				AD4B0CEC1A9A46A300CADBDC /* CJSONDeserializer.m in Sources */,
				AD4B0CEE1A9A46A300CADBDC /* NSDictionary_JSONExtensions.m in Sources */,
			);
			runOnlyForDeploymentPostprocessing = 0;
		};
		9FE9C4151A9A25CF00B33538 /* Sources */ = {
			isa = PBXSourcesBuildPhase;
			buildActionMask = 2147483647;
			files = (
				9FE9C4201A9A25CF00B33538 /* curateTests.m in Sources */,
			);
			runOnlyForDeploymentPostprocessing = 0;
		};
/* End PBXSourcesBuildPhase section */

/* Begin PBXTargetDependency section */
		9FE9C41B1A9A25CF00B33538 /* PBXTargetDependency */ = {
			isa = PBXTargetDependency;
			target = 9FE9C3FF1A9A25CF00B33538 /* curate */;
			targetProxy = 9FE9C41A1A9A25CF00B33538 /* PBXContainerItemProxy */;
		};
/* End PBXTargetDependency section */

/* Begin PBXVariantGroup section */
		9FE9C40D1A9A25CF00B33538 /* Main.storyboard */ = {
			isa = PBXVariantGroup;
			children = (
				9FE9C40E1A9A25CF00B33538 /* Base */,
			);
			name = Main.storyboard;
			sourceTree = "<group>";
		};
		9FE9C4121A9A25CF00B33538 /* LaunchScreen.xib */ = {
			isa = PBXVariantGroup;
			children = (
				9FE9C4131A9A25CF00B33538 /* Base */,
			);
			name = LaunchScreen.xib;
			sourceTree = "<group>";
		};
/* End PBXVariantGroup section */

/* Begin XCBuildConfiguration section */
		9FE9C4211A9A25CF00B33538 /* Debug */ = {
			isa = XCBuildConfiguration;
			buildSettings = {
				ALWAYS_SEARCH_USER_PATHS = NO;
				CLANG_CXX_LANGUAGE_STANDARD = "gnu++0x";
				CLANG_CXX_LIBRARY = "libc++";
				CLANG_ENABLE_MODULES = YES;
				CLANG_ENABLE_OBJC_ARC = YES;
				CLANG_WARN_BOOL_CONVERSION = YES;
				CLANG_WARN_CONSTANT_CONVERSION = YES;
				CLANG_WARN_DIRECT_OBJC_ISA_USAGE = YES_ERROR;
				CLANG_WARN_EMPTY_BODY = YES;
				CLANG_WARN_ENUM_CONVERSION = YES;
				CLANG_WARN_INT_CONVERSION = YES;
				CLANG_WARN_OBJC_ROOT_CLASS = YES_ERROR;
				CLANG_WARN_UNREACHABLE_CODE = YES;
				CLANG_WARN__DUPLICATE_METHOD_MATCH = YES;
				"CODE_SIGN_IDENTITY[sdk=iphoneos*]" = "iPhone Developer";
				COPY_PHASE_STRIP = NO;
				ENABLE_STRICT_OBJC_MSGSEND = YES;
				GCC_C_LANGUAGE_STANDARD = gnu99;
				GCC_DYNAMIC_NO_PIC = NO;
				GCC_OPTIMIZATION_LEVEL = 0;
				GCC_PREPROCESSOR_DEFINITIONS = (
					"DEBUG=1",
					"$(inherited)",
				);
				GCC_SYMBOLS_PRIVATE_EXTERN = NO;
				GCC_WARN_64_TO_32_BIT_CONVERSION = YES;
				GCC_WARN_ABOUT_RETURN_TYPE = YES_ERROR;
				GCC_WARN_UNDECLARED_SELECTOR = YES;
				GCC_WARN_UNINITIALIZED_AUTOS = YES_AGGRESSIVE;
				GCC_WARN_UNUSED_FUNCTION = YES;
				GCC_WARN_UNUSED_VARIABLE = YES;
				IPHONEOS_DEPLOYMENT_TARGET = 8.1;
				MTL_ENABLE_DEBUG_INFO = YES;
				ONLY_ACTIVE_ARCH = YES;
				SDKROOT = iphoneos;
				TARGETED_DEVICE_FAMILY = "1,2";
			};
			name = Debug;
		};
		9FE9C4221A9A25CF00B33538 /* Release */ = {
			isa = XCBuildConfiguration;
			buildSettings = {
				ALWAYS_SEARCH_USER_PATHS = NO;
				CLANG_CXX_LANGUAGE_STANDARD = "gnu++0x";
				CLANG_CXX_LIBRARY = "libc++";
				CLANG_ENABLE_MODULES = YES;
				CLANG_ENABLE_OBJC_ARC = YES;
				CLANG_WARN_BOOL_CONVERSION = YES;
				CLANG_WARN_CONSTANT_CONVERSION = YES;
				CLANG_WARN_DIRECT_OBJC_ISA_USAGE = YES_ERROR;
				CLANG_WARN_EMPTY_BODY = YES;
				CLANG_WARN_ENUM_CONVERSION = YES;
				CLANG_WARN_INT_CONVERSION = YES;
				CLANG_WARN_OBJC_ROOT_CLASS = YES_ERROR;
				CLANG_WARN_UNREACHABLE_CODE = YES;
				CLANG_WARN__DUPLICATE_METHOD_MATCH = YES;
				"CODE_SIGN_IDENTITY[sdk=iphoneos*]" = "iPhone Developer";
				COPY_PHASE_STRIP = YES;
				ENABLE_NS_ASSERTIONS = NO;
				ENABLE_STRICT_OBJC_MSGSEND = YES;
				GCC_C_LANGUAGE_STANDARD = gnu99;
				GCC_WARN_64_TO_32_BIT_CONVERSION = YES;
				GCC_WARN_ABOUT_RETURN_TYPE = YES_ERROR;
				GCC_WARN_UNDECLARED_SELECTOR = YES;
				GCC_WARN_UNINITIALIZED_AUTOS = YES_AGGRESSIVE;
				GCC_WARN_UNUSED_FUNCTION = YES;
				GCC_WARN_UNUSED_VARIABLE = YES;
				IPHONEOS_DEPLOYMENT_TARGET = 8.1;
				MTL_ENABLE_DEBUG_INFO = NO;
				SDKROOT = iphoneos;
				TARGETED_DEVICE_FAMILY = "1,2";
				VALIDATE_PRODUCT = YES;
			};
			name = Release;
		};
		9FE9C4241A9A25CF00B33538 /* Debug */ = {
			isa = XCBuildConfiguration;
			buildSettings = {
				ASSETCATALOG_COMPILER_APPICON_NAME = AppIcon;
				INFOPLIST_FILE = curate/Info.plist;
				IPHONEOS_DEPLOYMENT_TARGET = 7.0;
				LD_RUNPATH_SEARCH_PATHS = "$(inherited) @executable_path/Frameworks";
				PRODUCT_NAME = "$(TARGET_NAME)";
			};
			name = Debug;
		};
		9FE9C4251A9A25CF00B33538 /* Release */ = {
			isa = XCBuildConfiguration;
			buildSettings = {
				ASSETCATALOG_COMPILER_APPICON_NAME = AppIcon;
				INFOPLIST_FILE = curate/Info.plist;
				IPHONEOS_DEPLOYMENT_TARGET = 7.0;
				LD_RUNPATH_SEARCH_PATHS = "$(inherited) @executable_path/Frameworks";
				PRODUCT_NAME = "$(TARGET_NAME)";
			};
			name = Release;
		};
		9FE9C4271A9A25CF00B33538 /* Debug */ = {
			isa = XCBuildConfiguration;
			buildSettings = {
				BUNDLE_LOADER = "$(TEST_HOST)";
				FRAMEWORK_SEARCH_PATHS = (
					"$(SDKROOT)/Developer/Library/Frameworks",
					"$(inherited)",
				);
				GCC_PREPROCESSOR_DEFINITIONS = (
					"DEBUG=1",
					"$(inherited)",
				);
				INFOPLIST_FILE = curateTests/Info.plist;
				LD_RUNPATH_SEARCH_PATHS = "$(inherited) @executable_path/Frameworks @loader_path/Frameworks";
				PRODUCT_NAME = "$(TARGET_NAME)";
				TEST_HOST = "$(BUILT_PRODUCTS_DIR)/curate.app/curate";
			};
			name = Debug;
		};
		9FE9C4281A9A25CF00B33538 /* Release */ = {
			isa = XCBuildConfiguration;
			buildSettings = {
				BUNDLE_LOADER = "$(TEST_HOST)";
				FRAMEWORK_SEARCH_PATHS = (
					"$(SDKROOT)/Developer/Library/Frameworks",
					"$(inherited)",
				);
				INFOPLIST_FILE = curateTests/Info.plist;
				LD_RUNPATH_SEARCH_PATHS = "$(inherited) @executable_path/Frameworks @loader_path/Frameworks";
				PRODUCT_NAME = "$(TARGET_NAME)";
				TEST_HOST = "$(BUILT_PRODUCTS_DIR)/curate.app/curate";
			};
			name = Release;
		};
/* End XCBuildConfiguration section */

/* Begin XCConfigurationList section */
		9FE9C3FB1A9A25CF00B33538 /* Build configuration list for PBXProject "curate" */ = {
			isa = XCConfigurationList;
			buildConfigurations = (
				9FE9C4211A9A25CF00B33538 /* Debug */,
				9FE9C4221A9A25CF00B33538 /* Release */,
			);
			defaultConfigurationIsVisible = 0;
			defaultConfigurationName = Release;
		};
		9FE9C4231A9A25CF00B33538 /* Build configuration list for PBXNativeTarget "curate" */ = {
			isa = XCConfigurationList;
			buildConfigurations = (
				9FE9C4241A9A25CF00B33538 /* Debug */,
				9FE9C4251A9A25CF00B33538 /* Release */,
			);
			defaultConfigurationIsVisible = 0;
			defaultConfigurationName = Release;
		};
		9FE9C4261A9A25CF00B33538 /* Build configuration list for PBXNativeTarget "curateTests" */ = {
			isa = XCConfigurationList;
			buildConfigurations = (
				9FE9C4271A9A25CF00B33538 /* Debug */,
				9FE9C4281A9A25CF00B33538 /* Release */,
			);
			defaultConfigurationIsVisible = 0;
			defaultConfigurationName = Release;
		};
/* End XCConfigurationList section */
	};
	rootObject = 9FE9C3F81A9A25CF00B33538 /* Project object */;
}
